
Microsoft Visual Studio Solution File, Format Version 12.00
Project("{FAE04EC0-301F-11D3-BF4B-00C04F79EFBC}") = "Bookish", "Bookish\Bookish.csproj", "{D2EA433B-B222-4675-9C85-59DA899B8A19}"
EndProject
Global
	GlobalSection(SolutionConfigurationPlatforms) = preSolution
		Debug|Any CPU = Debug|Any CPU
		Release|Any CPU = Release|Any CPU
	EndGlobalSection
	GlobalSection(ProjectConfigurationPlatforms) = postSolution
		{D2EA433B-B222-4675-9C85-59DA899B8A19}.Debug|Any CPU.ActiveCfg = Debug|Any CPU
		{D2EA433B-B222-4675-9C85-59DA899B8A19}.Debug|Any CPU.Build.0 = Debug|Any CPU
		{D2EA433B-B222-4675-9C85-59DA899B8A19}.Release|Any CPU.ActiveCfg = Release|Any CPU
		{D2EA433B-B222-4675-9C85-59DA899B8A19}.Release|Any CPU.Build.0 = Release|Any CPU
	EndGlobalSection
EndGlobal
